
Microsoft Visual Studio Solution File, Format Version 12.00
# Visual Studio Version 17
VisualStudioVersion = 17.1.32210.238
MinimumVisualStudioVersion = 10.0.40219.1
Project("{9A19103F-16F7-4668-BE54-9A1E7A4F7556}") = "InterviewChallenge.Api", "Docker\InterviewChallenge.Api\InterviewChallenge.Api\InterviewChallenge.Api.csproj", "{EC951948-258F-4A4B-BB70-FAEA6470B0D5}"
EndProject
Project("{9A19103F-16F7-4668-BE54-9A1E7A4F7556}") = "InterviewChallenge.App", "Docker\InterviewChallenge.App\InterviewChallenge.App\InterviewChallenge.App.csproj", "{C9A8DAF9-DB63-4DBC-B081-EBD5C10FD5B1}"
EndProject
Project("{9A19103F-16F7-4668-BE54-9A1E7A4F7556}") = "InterviewChallenge.Tests", "Tests\InterviewChallenge.Tests\InterviewChallenge.Tests\InterviewChallenge.Tests.csproj", "{4FABFCF7-5A9E-43C6-942F-F2F1669D19C6}"
EndProject
Project("{2150E333-8FDC-42A3-9474-1A3956D46DE8}") = "Solution Files", "Solution Files", "{FA233584-CC3F-4CA4-98F2-597C1DE816FB}"
	ProjectSection(SolutionItems) = preProject
		..\.gitignore = ..\.gitignore
		..\Pipeline\Azure_Docker_Deployment.yml = ..\Pipeline\Azure_Docker_Deployment.yml
		..\build_docker.ps1 = ..\build_docker.ps1
		..\LICENSE = ..\LICENSE
		..\Nuget\nuget.config = ..\Nuget\nuget.config
		..\README.md = ..\README.md
		..\run_tests.ps1 = ..\run_tests.ps1
		..\start_docker.ps1 = ..\start_docker.ps1
		..\stop_docker.ps1 = ..\stop_docker.ps1
	EndProjectSection
EndProject
Global
	GlobalSection(SolutionConfigurationPlatforms) = preSolution
		Debug|Any CPU = Debug|Any CPU
		Release|Any CPU = Release|Any CPU
	EndGlobalSection
	GlobalSection(ProjectConfigurationPlatforms) = postSolution
		{EC951948-258F-4A4B-BB70-FAEA6470B0D5}.Debug|Any CPU.ActiveCfg = Debug|Any CPU
		{EC951948-258F-4A4B-BB70-FAEA6470B0D5}.Debug|Any CPU.Build.0 = Debug|Any CPU
		{EC951948-258F-4A4B-BB70-FAEA6470B0D5}.Release|Any CPU.ActiveCfg = Release|Any CPU
		{EC951948-258F-4A4B-BB70-FAEA6470B0D5}.Release|Any CPU.Build.0 = Release|Any CPU
		{C9A8DAF9-DB63-4DBC-B081-EBD5C10FD5B1}.Debug|Any CPU.ActiveCfg = Debug|Any CPU
		{C9A8DAF9-DB63-4DBC-B081-EBD5C10FD5B1}.Debug|Any CPU.Build.0 = Debug|Any CPU
		{C9A8DAF9-DB63-4DBC-B081-EBD5C10FD5B1}.Release|Any CPU.ActiveCfg = Release|Any CPU
		{C9A8DAF9-DB63-4DBC-B081-EBD5C10FD5B1}.Release|Any CPU.Build.0 = Release|Any CPU
		{4FABFCF7-5A9E-43C6-942F-F2F1669D19C6}.Debug|Any CPU.ActiveCfg = Debug|Any CPU
		{4FABFCF7-5A9E-43C6-942F-F2F1669D19C6}.Debug|Any CPU.Build.0 = Debug|Any CPU
		{4FABFCF7-5A9E-43C6-942F-F2F1669D19C6}.Release|Any CPU.ActiveCfg = Release|Any CPU
		{4FABFCF7-5A9E-43C6-942F-F2F1669D19C6}.Release|Any CPU.Build.0 = Release|Any CPU
	EndGlobalSection
	GlobalSection(SolutionProperties) = preSolution
		HideSolutionNode = FALSE
	EndGlobalSection
	GlobalSection(ExtensibilityGlobals) = postSolution
		SolutionGuid = {C609587B-824A-4AB0-A454-E5AA344C7A41}
	EndGlobalSection
EndGlobal
