
Microsoft Visual Studio Solution File, Format Version 12.00
# Visual Studio Version 17
VisualStudioVersion = 17.1.32210.238
MinimumVisualStudioVersion = 10.0.40219.1
Project("{2150E333-8FDC-42A3-9474-1A3956D46DE8}") = "Solution Files", "Solution Files", "{FA233584-CC3F-4CA4-98F2-597C1DE816FB}"
	ProjectSection(SolutionItems) = preProject
		..\.editorconfig = ..\.editorconfig
		..\.gitignore = ..\.gitignore
		..\containers\mssql\db-init.sql = ..\containers\mssql\db-init.sql
		..\Docker_Setup.ps1 = ..\Docker_Setup.ps1
		..\nuget.config = ..\nuget.config
		..\readme.md = ..\readme.md
		..\run_tests.ps1 = ..\run_tests.ps1
	EndProjectSection
EndProject
Project("{00D1A9C2-B5F0-4AF3-8072-F6C62B433612}") = "InterviewChallenge.Sql", "InterviewChallenge.Sql\InterviewChallenge.Sql.sqlproj", "{4D5E321B-F32C-4CF5-B4AC-07FD3F40D798}"
EndProject
Global
	GlobalSection(SolutionConfigurationPlatforms) = preSolution
		Debug|Any CPU = Debug|Any CPU
		Docker|Any CPU = Docker|Any CPU
		Release|Any CPU = Release|Any CPU
	EndGlobalSection
	GlobalSection(ProjectConfigurationPlatforms) = postSolution
		{4D5E321B-F32C-4CF5-B4AC-07FD3F40D798}.Debug|Any CPU.ActiveCfg = Debug|Any CPU
		{4D5E321B-F32C-4CF5-B4AC-07FD3F40D798}.Debug|Any CPU.Build.0 = Debug|Any CPU
		{4D5E321B-F32C-4CF5-B4AC-07FD3F40D798}.Debug|Any CPU.Deploy.0 = Debug|Any CPU
		{4D5E321B-F32C-4CF5-B4AC-07FD3F40D798}.Docker|Any CPU.ActiveCfg = Debug|Any CPU
		{4D5E321B-F32C-4CF5-B4AC-07FD3F40D798}.Docker|Any CPU.Build.0 = Debug|Any CPU
		{4D5E321B-F32C-4CF5-B4AC-07FD3F40D798}.Docker|Any CPU.Deploy.0 = Debug|Any CPU
		{4D5E321B-F32C-4CF5-B4AC-07FD3F40D798}.Release|Any CPU.ActiveCfg = Release|Any CPU
		{4D5E321B-F32C-4CF5-B4AC-07FD3F40D798}.Release|Any CPU.Build.0 = Release|Any CPU
		{4D5E321B-F32C-4CF5-B4AC-07FD3F40D798}.Release|Any CPU.Deploy.0 = Release|Any CPU
	EndGlobalSection
	GlobalSection(SolutionProperties) = preSolution
		HideSolutionNode = FALSE
	EndGlobalSection
	GlobalSection(ExtensibilityGlobals) = postSolution
		SolutionGuid = {C609587B-824A-4AB0-A454-E5AA344C7A41}
	EndGlobalSection
EndGlobal
